
Microsoft Visual Studio Solution File, Format Version 12.00
# Visual Studio Version 16
VisualStudioVersion = 16.0.30907.101
MinimumVisualStudioVersion = 10.0.40219.1
Project("{8BC9CEB8-8B4A-11D0-8D11-00A0C91BC942}") = "OpenGL_cw", "OpenGL_cw\OpenGL_cw.vcxproj", "{3B7588A0-11D8-40D0-A8F1-AD643DFA26EC}"
EndProject
Global
	GlobalSection(SolutionConfigurationPlatforms) = preSolution
		Debug|x64 = Debug|x64
		Debug|x86 = Debug|x86
		Release|x64 = Release|x64
		Release|x86 = Release|x86
	EndGlobalSection
	GlobalSection(ProjectConfigurationPlatforms) = postSolution
		{3B7588A0-11D8-40D0-A8F1-AD643DFA26EC}.Debug|x64.ActiveCfg = Debug|x64
		{3B7588A0-11D8-40D0-A8F1-AD643DFA26EC}.Debug|x64.Build.0 = Debug|x64
		{3B7588A0-11D8-40D0-A8F1-AD643DFA26EC}.Debug|x86.ActiveCfg = Debug|Win32
		{3B7588A0-11D8-40D0-A8F1-AD643DFA26EC}.Debug|x86.Build.0 = Debug|Win32
		{3B7588A0-11D8-40D0-A8F1-AD643DFA26EC}.Release|x64.ActiveCfg = Release|x64
		{3B7588A0-11D8-40D0-A8F1-AD643DFA26EC}.Release|x64.Build.0 = Release|x64
		{3B7588A0-11D8-40D0-A8F1-AD643DFA26EC}.Release|x86.ActiveCfg = Release|Win32
		{3B7588A0-11D8-40D0-A8F1-AD643DFA26EC}.Release|x86.Build.0 = Release|Win32
	EndGlobalSection
	GlobalSection(SolutionProperties) = preSolution
		HideSolutionNode = FALSE
	EndGlobalSection
	GlobalSection(ExtensibilityGlobals) = postSolution
		SolutionGuid = {D9C87D1B-3452-4ABD-8A8B-C5F0B409D900}
	EndGlobalSection
EndGlobal
